{
  "requires": true,
  "lockfileVersion": 1,
  "dependencies": {
    "bootstrap-extra": {
      "version": "4.9.1",
      "resolved": "https://registry.npmjs.org/bootstrap-extra/-/bootstrap-extra-4.9.1.tgz",
      "integrity": "sha512-o3eO4yyNTsDB1ZsuGMZhrrSks+YOqg0WDZNFtcFbuj9nFjreoufF3L6GgNJ1XpWKLy+XnS2mVySiF4oirT8fMw=="
    },
    "jquery": {
      "version": "3.5.1",
      "resolved": "https://registry.npmjs.org/jquery/-/jquery-3.5.1.tgz",
      "integrity": "sha512-XwIBPqcMn57FxfT+Go5pzySnm4KWkT1Tv7gjrpT1srtf8Weynl6R273VJ5GjkRb51IzMp5nbaPjJXMWeju2MKg=="
    }
  }
}
